# THIS IS AN AUTOGENERATED FILE. DO NOT EDIT THIS FILE DIRECTLY.
# yarn lockfile v1


"ces-theme@https://github.com/cloudogu/ces-theme#v0.7.2":
  version "0.7.2"
  resolved "https://github.com/cloudogu/ces-theme#47c3eec15f3bb59d6a9f1bb099b03f169f023b0b"
  dependencies:
    font-awesome "^4.6.3"

font-awesome@^4.6.3:
  version "4.7.0"
  resolved "https://registry.yarnpkg.com/font-awesome/-/font-awesome-4.7.0.tgz#8fa8cf0411a1a31afd07b06d2902bb9fc815a133"
  integrity sha512-U6kGnykA/6bFmg1M/oT9EkFeIYv7JlX3bozwQJWiiLz6L0w3F5vBVPxHlwyX/vtNq1ckcpRKOB9f2Qal/VtFpg==
